{
    "name": "datatables.net-bs5",
    "version": "1.13.11",
    "lockfileVersion": 3,
    "requires": true,
    "packages": {
        "": {
            "name": "datatables.net-bs5",
            "version": "1.13.11",
            "license": "MIT",
            "dependencies": {
                "datatables.net": "1.13.11",
                "datatables.net-bs5": "file:",
                "jquery": "1.8 - 4"
            }
        },
        "node_modules/datatables.net": {
            "version": "1.13.11",
            "resolved": "https://registry.npmjs.org/datatables.net/-/datatables.net-1.13.11.tgz",
            "integrity": "sha512-AE6RkMXziRaqzPcu/pl3SJXeRa6fmXQG/fVjuRESujvkzqDCYEeKTTpPMuVJSGYJpPi32WGSphVNNY1G4nSN/g==",
            "license": "MIT",
            "dependencies": {
                "jquery": "1.8 - 4"
            }
        },
        "node_modules/datatables.net-bs5": {
            "resolved": "",
            "link": true
        },
        "node_modules/jquery": {
            "version": "3.7.1",
            "resolved": "https://registry.npmjs.org/jquery/-/jquery-3.7.1.tgz",
            "integrity": "sha512-m4avr8yL8kmFN8psrbFFFmB/If14iN5o9nw/NgnnM+kybDJpRsAynV2BsfpTYrTRysYUdADVD7CkUUizgkpLfg==",
            "license": "MIT"
        }
    }
}
