{
  "name": "@icon/dripicons",
  "version": "2.0.0-alpha.3",
  "lockfileVersion": 3,
  "requires": true,
  "packages": {
    "": {
      "name": "@icon/dripicons",
      "version": "2.0.0-alpha.3",
      "license": "CC-BY-4.0",
      "dependencies": {
        "@icon/dripicons": "file:"
      }
    },
    "node_modules/@icon/dripicons": {
      "resolved": "",
      "link": true
    }
  }
}
